{
  "name": "my-angular",
  "version": "0.0.0",
  "lockfileVersion": 3,
  "requires": true,
  "packages": {
    "": {
      "name": "my-angular",
      "version": "0.0.0",
      "dependencies": {
        "@angular/animations": "^21.2.8",
        "@angular/common": "^21.2.8",
        "@angular/compiler": "^21.2.8",
        "@angular/core": "^21.2.8",
        "@angular/forms": "^21.2.8",
        "@angular/platform-browser": "^21.2.8",
        "@angular/platform-browser-dynamic": "^21.2.8",
        "@angular/router": "^21.2.8"
      }
    },
    "node_modules/@angular/animations": {
      "version": "21.2.8",
      "resolved": "https://registry.npmjs.org/@angular/animations/-/animations-21.2.8.tgz",
      "integrity": "sha512-RIqfVmfretQ0x/mXgMXe7Bw0Tpe8+zBV/Mm2OaNVyrmNG+9gYItEn5t/ZnQGcPD5nMNqckgp3+4/ZMc/qkS5ww==",
      "license": "MIT",
      "dependencies": {
        "tslib": "^2.3.0"
      },
      "engines": {
        "node": "^20.19.0 || ^22.12.0 || >=24.0.0"
      },
      "peerDependencies": {
        "@angular/core": "21.2.8"
      }
    },
    "node_modules/@angular/common": {
      "version": "21.2.8",
      "resolved": "https://registry.npmjs.org/@angular/common/-/common-21.2.8.tgz",
      "integrity": "sha512-ZvgcxsLPkSG0B1jc2ZXshAWIFBoQ0U9uwIX/zG/RGcfMpoKyEDNAebli6FTIpxIlz/35rtBNV7EGPhinjPTJFQ==",
      "license": "MIT",
      "dependencies": {
        "tslib": "^2.3.0"
      },
      "engines": {
        "node": "^20.19.0 || ^22.12.0 || >=24.0.0"
      },
      "peerDependencies": {
        "@angular/core": "21.2.8",
        "rxjs": "^6.5.3 || ^7.4.0"
      }
    },
    "node_modules/@angular/compiler": {
      "version": "21.2.8",
      "resolved": "https://registry.npmjs.org/@angular/compiler/-/compiler-21.2.8.tgz",
      "integrity": "sha512-Il9KlT6qX8rWmun5jY6wMLx56bCQZpOVIFEyHM4ai2wmxvbqyxgRFKDs4iMRNn1h04Tgupl6cKSqP9lecIvH6w==",
      "license": "MIT",
      "dependencies": {
        "tslib": "^2.3.0"
      },
      "engines": {
        "node": "^20.19.0 || ^22.12.0 || >=24.0.0"
      }
    },
    "node_modules/@angular/core": {
      "version": "21.2.8",
      "resolved": "https://registry.npmjs.org/@angular/core/-/core-21.2.8.tgz",
      "integrity": "sha512-hI7n4t8qgFJaVV55LIaNuzcdP+/IeuqQRu3huSLo47Gf6uZAD0Acj4Ye9SC8YNmhUu5/RiImngm9NOlcI2oCJA==",
      "license": "MIT",
      "dependencies": {
        "tslib": "^2.3.0"
      },
      "engines": {
        "node": "^20.19.0 || ^22.12.0 || >=24.0.0"
      },
      "peerDependencies": {
        "@angular/compiler": "21.2.8",
        "rxjs": "^6.5.3 || ^7.4.0",
        "zone.js": "~0.15.0 || ~0.16.0"
      },
      "peerDependenciesMeta": {
        "@angular/compiler": {
          "optional": true
        },
        "zone.js": {
          "optional": true
        }
      }
    },
    "node_modules/@angular/forms": {
      "version": "21.2.8",
      "resolved": "https://registry.npmjs.org/@angular/forms/-/forms-21.2.8.tgz",
      "integrity": "sha512-tyQAHjfMHcqETRkKQaZHjYqIK9W8uRenPpY2DF/Jl+S7CwcaX4T8t8TKgzvTynNzQW9QGiLg0pqVosVMKzBXJg==",
      "license": "MIT",
      "dependencies": {
        "@standard-schema/spec": "^1.0.0",
        "tslib": "^2.3.0"
      },
      "engines": {
        "node": "^20.19.0 || ^22.12.0 || >=24.0.0"
      },
      "peerDependencies": {
        "@angular/common": "21.2.8",
        "@angular/core": "21.2.8",
        "@angular/platform-browser": "21.2.8",
        "rxjs": "^6.5.3 || ^7.4.0"
      }
    },
    "node_modules/@angular/platform-browser": {
      "version": "21.2.8",
      "resolved": "https://registry.npmjs.org/@angular/platform-browser/-/platform-browser-21.2.8.tgz",
      "integrity": "sha512-4fwmGf7GCuIsjFqx1gqqWC92YjlN9SmGJO17TPPsOm5zUOnDx+h3Bj9XjdXxlcBtugTb2xHk6Auqyv3lzWGlkw==",
      "license": "MIT",
      "dependencies": {
        "tslib": "^2.3.0"
      },
      "engines": {
        "node": "^20.19.0 || ^22.12.0 || >=24.0.0"
      },
      "peerDependencies": {
        "@angular/animations": "21.2.8",
        "@angular/common": "21.2.8",
        "@angular/core": "21.2.8"
      },
      "peerDependenciesMeta": {
        "@angular/animations": {
          "optional": true
        }
      }
    },
    "node_modules/@angular/platform-browser-dynamic": {
      "version": "21.2.8",
      "resolved": "https://registry.npmjs.org/@angular/platform-browser-dynamic/-/platform-browser-dynamic-21.2.8.tgz",
      "integrity": "sha512-9XeplSHsKnLDm14dvwXG00Ox6WbDrhf7ub7MxxcJ6gCgRm/yqJ3Vrz4a+NBpYnelapqiCCGEdHeyx2xt8vG1qA==",
      "license": "MIT",
      "dependencies": {
        "tslib": "^2.3.0"
      },
      "engines": {
        "node": "^20.19.0 || ^22.12.0 || >=24.0.0"
      },
      "peerDependencies": {
        "@angular/common": "21.2.8",
        "@angular/compiler": "21.2.8",
        "@angular/core": "21.2.8",
        "@angular/platform-browser": "21.2.8"
      }
    },
    "node_modules/@angular/router": {
      "version": "21.2.8",
      "resolved": "https://registry.npmjs.org/@angular/router/-/router-21.2.8.tgz",
      "integrity": "sha512-KSlUbFHHKY84G6iKlB2FDMmh+lLmGjmpyT1p/kx8qZm1BuxJGOOU+oNgkCfaPJT1R2/muDXuxQ51uc/la6y28g==",
      "license": "MIT",
      "dependencies": {
        "tslib": "^2.3.0"
      },
      "engines": {
        "node": "^20.19.0 || ^22.12.0 || >=24.0.0"
      },
      "peerDependencies": {
        "@angular/common": "21.2.8",
        "@angular/core": "21.2.8",
        "@angular/platform-browser": "21.2.8",
        "rxjs": "^6.5.3 || ^7.4.0"
      }
    },
    "node_modules/@standard-schema/spec": {
      "version": "1.1.0",
      "resolved": "https://registry.npmjs.org/@standard-schema/spec/-/spec-1.1.0.tgz",
      "integrity": "sha512-l2aFy5jALhniG5HgqrD6jXLi/rUWrKvqN/qJx6yoJsgKhblVd+iqqU4RCXavm/jPityDo5TCvKMnpjKnOriy0w==",
      "license": "MIT"
    },
    "node_modules/rxjs": {
      "version": "7.8.1",
      "resolved": "https://registry.npmjs.org/rxjs/-/rxjs-7.8.1.tgz",
      "integrity": "sha512-AA3TVj+0A2iuIoQkWEK/tqFjBq2j+6PO6Y0zJcvzLAFhEFIO3HL0vls9hWLncZbAAbK0mar7oZ4V079I/qPMxg==",
      "peer": true,
      "dependencies": {
        "tslib": "^2.1.0"
      }
    },
    "node_modules/tslib": {
      "version": "2.6.1",
      "resolved": "https://registry.npmjs.org/tslib/-/tslib-2.6.1.tgz",
      "integrity": "sha512-t0hLfiEKfMUoqhG+U1oid7Pva4bbDPHYfJNiB7BiIjRkj1pyC++4N3huJfqY6aRH6VTB0rvtzQwjM4K6qpfOig=="
    }
  }
}
